<?xml version="1.0" encoding="utf-8"?>
<Project ToolsVersion="4.0" xmlns="http://schemas.microsoft.com/developer/msbuild/2003">
  <ItemGroup>
    <Filter Include="Source Files">
      <UniqueIdentifier>{9638858a-cf71-47b0-81fa-1c4d159c58ee}</UniqueIdentifier>
    </Filter>
    <Filter Include="Generated Files">
      <UniqueIdentifier>{cd3cfa07-14c3-41af-a3e2-59af9ec90108}</UniqueIdentifier>
      <SourceControlFiles>False</SourceControlFiles>
    </Filter>
  </ItemGroup>
  <ItemGroup>
    <None Include="OrientationSensorps.def" />
  </ItemGroup>
  <ItemGroup>
    <ClCompile Include="OrientationSensor_i.c">
      <Filter>Generated Files</Filter>
    </ClCompile>
    <ClCompile Include="OrientationSensor_p.c">
      <Filter>Generated Files</Filter>
    </ClCompile>
    <ClCompile Include="dlldata.c">
      <Filter>Generated Files</Filter>
    </ClCompile>
  </ItemGroup>
</Project>